
Microsoft Visual Studio Solution File, Format Version 12.00
# Visual Studio Version 16
VisualStudioVersion = 16.0.29920.165
MinimumVisualStudioVersion = 10.0.40219.1
Project("{FAE04EC0-301F-11D3-BF4B-00C04F79EFBC}") = "4_gyak", "4_gyak.csproj", "{A9BF5E29-CE17-4227-A12F-F87C0CFCDDC5}"
EndProject
Global
	GlobalSection(SolutionConfigurationPlatforms) = preSolution
		Debug|Any CPU = Debug|Any CPU
		Release|Any CPU = Release|Any CPU
	EndGlobalSection
	GlobalSection(ProjectConfigurationPlatforms) = postSolution
		{A9BF5E29-CE17-4227-A12F-F87C0CFCDDC5}.Debug|Any CPU.ActiveCfg = Debug|Any CPU
		{A9BF5E29-CE17-4227-A12F-F87C0CFCDDC5}.Debug|Any CPU.Build.0 = Debug|Any CPU
		{A9BF5E29-CE17-4227-A12F-F87C0CFCDDC5}.Release|Any CPU.ActiveCfg = Release|Any CPU
		{A9BF5E29-CE17-4227-A12F-F87C0CFCDDC5}.Release|Any CPU.Build.0 = Release|Any CPU
	EndGlobalSection
	GlobalSection(SolutionProperties) = preSolution
		HideSolutionNode = FALSE
	EndGlobalSection
	GlobalSection(ExtensibilityGlobals) = postSolution
		SolutionGuid = {09731880-80CC-49F5-B835-A915F5A3B9CD}
	EndGlobalSection
EndGlobal
